// !$*UTF8*$!
{
	archiveVersion = 1;
	classes = {
	};
	objectVersion = 46;
	objects = {

/* Begin PBXBuildFile section */
		C34DA4021BC4827C00E9ACB9 /* main.m in Sources */ = {isa = PBXBuildFile; fileRef = C34DA4011BC4827C00E9ACB9 /* main.m */; };
		C34DA4051BC4827C00E9ACB9 /* AppDelegate.m in Sources */ = {isa = PBXBuildFile; fileRef = C34DA4041BC4827C00E9ACB9 /* AppDelegate.m */; };
		C34DA4081BC4827C00E9ACB9 /* Morse.xcdatamodeld in Sources */ = {isa = PBXBuildFile; fileRef = C34DA4061BC4827C00E9ACB9 /* Morse.xcdatamodeld */; };
		C34DA40B1BC4827C00E9ACB9 /* LoginViewController.m in Sources */ = {isa = PBXBuildFile; fileRef = C34DA40A1BC4827C00E9ACB9 /* LoginViewController.m */; };
		C34DA40E1BC4827C00E9ACB9 /* Main.storyboard in Resources */ = {isa = PBXBuildFile; fileRef = C34DA40C1BC4827C00E9ACB9 /* Main.storyboard */; };
		C34DA4101BC4827C00E9ACB9 /* Images.xcassets in Resources */ = {isa = PBXBuildFile; fileRef = C34DA40F1BC4827C00E9ACB9 /* Images.xcassets */; };
		C34DA4131BC4827C00E9ACB9 /* LaunchScreen.xib in Resources */ = {isa = PBXBuildFile; fileRef = C34DA4111BC4827C00E9ACB9 /* LaunchScreen.xib */; };
		C34DA41F1BC4827C00E9ACB9 /* MorseTests.m in Sources */ = {isa = PBXBuildFile; fileRef = C34DA41E1BC4827C00E9ACB9 /* MorseTests.m */; };
		C34DA42A1BC621EC00E9ACB9 /* ConverterViewController.m in Sources */ = {isa = PBXBuildFile; fileRef = C34DA4291BC621EC00E9ACB9 /* ConverterViewController.m */; };
/* End PBXBuildFile section */

/* Begin PBXContainerItemProxy section */
		C34DA4191BC4827C00E9ACB9 /* PBXContainerItemProxy */ = {
			isa = PBXContainerItemProxy;
			containerPortal = C34DA3F41BC4827C00E9ACB9 /* Project object */;
			proxyType = 1;
			remoteGlobalIDString = C34DA3FB1BC4827C00E9ACB9;
			remoteInfo = Morse;
		};
/* End PBXContainerItemProxy section */

/* Begin PBXFileReference section */
		C34DA3FC1BC4827C00E9ACB9 /* Morse.app */ = {isa = PBXFileReference; explicitFileType = wrapper.application; includeInIndex = 0; path = Morse.app; sourceTree = BUILT_PRODUCTS_DIR; };
		C34DA4001BC4827C00E9ACB9 /* Info.plist */ = {isa = PBXFileReference; lastKnownFileType = text.plist.xml; path = Info.plist; sourceTree = "<group>"; };
		C34DA4011BC4827C00E9ACB9 /* main.m */ = {isa = PBXFileReference; lastKnownFileType = sourcecode.c.objc; path = main.m; sourceTree = "<group>"; };
		C34DA4031BC4827C00E9ACB9 /* AppDelegate.h */ = {isa = PBXFileReference; lastKnownFileType = sourcecode.c.h; path = AppDelegate.h; sourceTree = "<group>"; };
		C34DA4041BC4827C00E9ACB9 /* AppDelegate.m */ = {isa = PBXFileReference; lastKnownFileType = sourcecode.c.objc; path = AppDelegate.m; sourceTree = "<group>"; };
		C34DA4071BC4827C00E9ACB9 /* Morse.xcdatamodel */ = {isa = PBXFileReference; lastKnownFileType = wrapper.xcdatamodel; path = Morse.xcdatamodel; sourceTree = "<group>"; };
		C34DA4091BC4827C00E9ACB9 /* LoginViewController.h */ = {isa = PBXFileReference; lastKnownFileType = sourcecode.c.h; path = LoginViewController.h; sourceTree = "<group>"; };
		C34DA40A1BC4827C00E9ACB9 /* LoginViewController.m */ = {isa = PBXFileReference; lastKnownFileType = sourcecode.c.objc; path = LoginViewController.m; sourceTree = "<group>"; };
		C34DA40D1BC4827C00E9ACB9 /* Base */ = {isa = PBXFileReference; lastKnownFileType = file.storyboard; name = Base; path = Base.lproj/Main.storyboard; sourceTree = "<group>"; };
		C34DA40F1BC4827C00E9ACB9 /* Images.xcassets */ = {isa = PBXFileReference; lastKnownFileType = folder.assetcatalog; path = Images.xcassets; sourceTree = "<group>"; };
		C34DA4121BC4827C00E9ACB9 /* Base */ = {isa = PBXFileReference; lastKnownFileType = file.xib; name = Base; path = Base.lproj/LaunchScreen.xib; sourceTree = "<group>"; };
		C34DA4181BC4827C00E9ACB9 /* MorseTests.xctest */ = {isa = PBXFileReference; explicitFileType = wrapper.cfbundle; includeInIndex = 0; path = MorseTests.xctest; sourceTree = BUILT_PRODUCTS_DIR; };
		C34DA41D1BC4827C00E9ACB9 /* Info.plist */ = {isa = PBXFileReference; lastKnownFileType = text.plist.xml; path = Info.plist; sourceTree = "<group>"; };
		C34DA41E1BC4827C00E9ACB9 /* MorseTests.m */ = {isa = PBXFileReference; lastKnownFileType = sourcecode.c.objc; path = MorseTests.m; sourceTree = "<group>"; };
		C34DA4281BC621EC00E9ACB9 /* ConverterViewController.h */ = {isa = PBXFileReference; fileEncoding = 4; lastKnownFileType = sourcecode.c.h; path = ConverterViewController.h; sourceTree = "<group>"; };
		C34DA4291BC621EC00E9ACB9 /* ConverterViewController.m */ = {isa = PBXFileReference; fileEncoding = 4; lastKnownFileType = sourcecode.c.objc; path = ConverterViewController.m; sourceTree = "<group>"; };
/* End PBXFileReference section */

/* Begin PBXFrameworksBuildPhase section */
		C34DA3F91BC4827C00E9ACB9 /* Frameworks */ = {
			isa = PBXFrameworksBuildPhase;
			buildActionMask = 2147483647;
			files = (
			);
			runOnlyForDeploymentPostprocessing = 0;
		};
		C34DA4151BC4827C00E9ACB9 /* Frameworks */ = {
			isa = PBXFrameworksBuildPhase;
			buildActionMask = 2147483647;
			files = (
			);
			runOnlyForDeploymentPostprocessing = 0;
		};
/* End PBXFrameworksBuildPhase section */

/* Begin PBXGroup section */
		C34DA3F31BC4827C00E9ACB9 = {
			isa = PBXGroup;
			children = (
				C34DA3FE1BC4827C00E9ACB9 /* Morse */,
				C34DA41B1BC4827C00E9ACB9 /* MorseTests */,
				C34DA3FD1BC4827C00E9ACB9 /* Products */,
			);
			sourceTree = "<group>";
		};
		C34DA3FD1BC4827C00E9ACB9 /* Products */ = {
			isa = PBXGroup;
			children = (
				C34DA3FC1BC4827C00E9ACB9 /* Morse.app */,
				C34DA4181BC4827C00E9ACB9 /* MorseTests.xctest */,
			);
			name = Products;
			sourceTree = "<group>";
		};
		C34DA3FE1BC4827C00E9ACB9 /* Morse */ = {
			isa = PBXGroup;
			children = (
				C34DA42B1BC621F900E9ACB9 /* ViewControllers */,
				C34DA40C1BC4827C00E9ACB9 /* Main.storyboard */,
				C34DA4061BC4827C00E9ACB9 /* Morse.xcdatamodeld */,
				C34DA3FF1BC4827C00E9ACB9 /* Supporting Files */,
			);
			path = Morse;
			sourceTree = "<group>";
		};
		C34DA3FF1BC4827C00E9ACB9 /* Supporting Files */ = {
			isa = PBXGroup;
			children = (
				C34DA40F1BC4827C00E9ACB9 /* Images.xcassets */,
				C34DA4031BC4827C00E9ACB9 /* AppDelegate.h */,
				C34DA4111BC4827C00E9ACB9 /* LaunchScreen.xib */,
				C34DA4041BC4827C00E9ACB9 /* AppDelegate.m */,
				C34DA4001BC4827C00E9ACB9 /* Info.plist */,
				C34DA4011BC4827C00E9ACB9 /* main.m */,
			);
			name = "Supporting Files";
			sourceTree = "<group>";
		};
		C34DA41B1BC4827C00E9ACB9 /* MorseTests */ = {
			isa = PBXGroup;
			children = (
				C34DA41E1BC4827C00E9ACB9 /* MorseTests.m */,
				C34DA41C1BC4827C00E9ACB9 /* Supporting Files */,
			);
			path = MorseTests;
			sourceTree = "<group>";
		};
		C34DA41C1BC4827C00E9ACB9 /* Supporting Files */ = {
			isa = PBXGroup;
			children = (
				C34DA41D1BC4827C00E9ACB9 /* Info.plist */,
			);
			name = "Supporting Files";
			sourceTree = "<group>";
		};
		C34DA42B1BC621F900E9ACB9 /* ViewControllers */ = {
			isa = PBXGroup;
			children = (
				C34DA4281BC621EC00E9ACB9 /* ConverterViewController.h */,
				C34DA4291BC621EC00E9ACB9 /* ConverterViewController.m */,
				C34DA4091BC4827C00E9ACB9 /* LoginViewController.h */,
				C34DA40A1BC4827C00E9ACB9 /* LoginViewController.m */,
			);
			name = ViewControllers;
			sourceTree = "<group>";
		};
/* End PBXGroup section */

/* Begin PBXNativeTarget section */
		C34DA3FB1BC4827C00E9ACB9 /* Morse */ = {
			isa = PBXNativeTarget;
			buildConfigurationList = C34DA4221BC4827C00E9ACB9 /* Build configuration list for PBXNativeTarget "Morse" */;
			buildPhases = (
				C34DA3F81BC4827C00E9ACB9 /* Sources */,
				C34DA3F91BC4827C00E9ACB9 /* Frameworks */,
				C34DA3FA1BC4827C00E9ACB9 /* Resources */,
			);
			buildRules = (
			);
			dependencies = (
			);
			name = Morse;
			productName = Morse;
			productReference = C34DA3FC1BC4827C00E9ACB9 /* Morse.app */;
			productType = "com.apple.product-type.application";
		};
		C34DA4171BC4827C00E9ACB9 /* MorseTests */ = {
			isa = PBXNativeTarget;
			buildConfigurationList = C34DA4251BC4827C00E9ACB9 /* Build configuration list for PBXNativeTarget "MorseTests" */;
			buildPhases = (
				C34DA4141BC4827C00E9ACB9 /* Sources */,
				C34DA4151BC4827C00E9ACB9 /* Frameworks */,
				C34DA4161BC4827C00E9ACB9 /* Resources */,
			);
			buildRules = (
			);
			dependencies = (
				C34DA41A1BC4827C00E9ACB9 /* PBXTargetDependency */,
			);
			name = MorseTests;
			productName = MorseTests;
			productReference = C34DA4181BC4827C00E9ACB9 /* MorseTests.xctest */;
			productType = "com.apple.product-type.bundle.unit-test";
		};
/* End PBXNativeTarget section */

/* Begin PBXProject section */
		C34DA3F41BC4827C00E9ACB9 /* Project object */ = {
			isa = PBXProject;
			attributes = {
				LastUpgradeCheck = 0630;
				ORGANIZATIONNAME = Morse;
				TargetAttributes = {
					C34DA3FB1BC4827C00E9ACB9 = {
						CreatedOnToolsVersion = 6.3.2;
					};
					C34DA4171BC4827C00E9ACB9 = {
						CreatedOnToolsVersion = 6.3.2;
						TestTargetID = C34DA3FB1BC4827C00E9ACB9;
					};
				};
			};
			buildConfigurationList = C34DA3F71BC4827C00E9ACB9 /* Build configuration list for PBXProject "Morse" */;
			compatibilityVersion = "Xcode 3.2";
			developmentRegion = English;
			hasScannedForEncodings = 0;
			knownRegions = (
				en,
				Base,
			);
			mainGroup = C34DA3F31BC4827C00E9ACB9;
			productRefGroup = C34DA3FD1BC4827C00E9ACB9 /* Products */;
			projectDirPath = "";
			projectRoot = "";
			targets = (
				C34DA3FB1BC4827C00E9ACB9 /* Morse */,
				C34DA4171BC4827C00E9ACB9 /* MorseTests */,
			);
		};
/* End PBXProject section */

/* Begin PBXResourcesBuildPhase section */
		C34DA3FA1BC4827C00E9ACB9 /* Resources */ = {
			isa = PBXResourcesBuildPhase;
			buildActionMask = 2147483647;
			files = (
				C34DA40E1BC4827C00E9ACB9 /* Main.storyboard in Resources */,
				C34DA4131BC4827C00E9ACB9 /* LaunchScreen.xib in Resources */,
				C34DA4101BC4827C00E9ACB9 /* Images.xcassets in Resources */,
			);
			runOnlyForDeploymentPostprocessing = 0;
		};
		C34DA4161BC4827C00E9ACB9 /* Resources */ = {
			isa = PBXResourcesBuildPhase;
			buildActionMask = 2147483647;
			files = (
			);
			runOnlyForDeploymentPostprocessing = 0;
		};
/* End PBXResourcesBuildPhase section */

/* Begin PBXSourcesBuildPhase section */
		C34DA3F81BC4827C00E9ACB9 /* Sources */ = {
			isa = PBXSourcesBuildPhase;
			buildActionMask = 2147483647;
			files = (
				C34DA4051BC4827C00E9ACB9 /* AppDelegate.m in Sources */,
				C34DA42A1BC621EC00E9ACB9 /* ConverterViewController.m in Sources */,
				C34DA4081BC4827C00E9ACB9 /* Morse.xcdatamodeld in Sources */,
				C34DA40B1BC4827C00E9ACB9 /* LoginViewController.m in Sources */,
				C34DA4021BC4827C00E9ACB9 /* main.m in Sources */,
			);
			runOnlyForDeploymentPostprocessing = 0;
		};
		C34DA4141BC4827C00E9ACB9 /* Sources */ = {
			isa = PBXSourcesBuildPhase;
			buildActionMask = 2147483647;
			files = (
				C34DA41F1BC4827C00E9ACB9 /* MorseTests.m in Sources */,
			);
			runOnlyForDeploymentPostprocessing = 0;
		};
/* End PBXSourcesBuildPhase section */

/* Begin PBXTargetDependency section */
		C34DA41A1BC4827C00E9ACB9 /* PBXTargetDependency */ = {
			isa = PBXTargetDependency;
			target = C34DA3FB1BC4827C00E9ACB9 /* Morse */;
			targetProxy = C34DA4191BC4827C00E9ACB9 /* PBXContainerItemProxy */;
		};
/* End PBXTargetDependency section */

/* Begin PBXVariantGroup section */
		C34DA40C1BC4827C00E9ACB9 /* Main.storyboard */ = {
			isa = PBXVariantGroup;
			children = (
				C34DA40D1BC4827C00E9ACB9 /* Base */,
			);
			name = Main.storyboard;
			sourceTree = "<group>";
		};
		C34DA4111BC4827C00E9ACB9 /* LaunchScreen.xib */ = {
			isa = PBXVariantGroup;
			children = (
				C34DA4121BC4827C00E9ACB9 /* Base */,
			);
			name = LaunchScreen.xib;
			sourceTree = "<group>";
		};
/* End PBXVariantGroup section */

/* Begin XCBuildConfiguration section */
		C34DA4201BC4827C00E9ACB9 /* Debug */ = {
			isa = XCBuildConfiguration;
			buildSettings = {
				ALWAYS_SEARCH_USER_PATHS = NO;
				CLANG_CXX_LANGUAGE_STANDARD = "gnu++0x";
				CLANG_CXX_LIBRARY = "libc++";
				CLANG_ENABLE_MODULES = YES;
				CLANG_ENABLE_OBJC_ARC = YES;
				CLANG_WARN_BOOL_CONVERSION = YES;
				CLANG_WARN_CONSTANT_CONVERSION = YES;
				CLANG_WARN_DIRECT_OBJC_ISA_USAGE = YES_ERROR;
				CLANG_WARN_EMPTY_BODY = YES;
				CLANG_WARN_ENUM_CONVERSION = YES;
				CLANG_WARN_INT_CONVERSION = YES;
				CLANG_WARN_OBJC_ROOT_CLASS = YES_ERROR;
				CLANG_WARN_UNREACHABLE_CODE = YES;
				CLANG_WARN__DUPLICATE_METHOD_MATCH = YES;
				"CODE_SIGN_IDENTITY[sdk=iphoneos*]" = "iPhone Developer";
				COPY_PHASE_STRIP = NO;
				DEBUG_INFORMATION_FORMAT = "dwarf-with-dsym";
				ENABLE_STRICT_OBJC_MSGSEND = YES;
				GCC_C_LANGUAGE_STANDARD = gnu99;
				GCC_DYNAMIC_NO_PIC = NO;
				GCC_NO_COMMON_BLOCKS = YES;
				GCC_OPTIMIZATION_LEVEL = 0;
				GCC_PREPROCESSOR_DEFINITIONS = (
					"DEBUG=1",
					"$(inherited)",
				);
				GCC_SYMBOLS_PRIVATE_EXTERN = NO;
				GCC_WARN_64_TO_32_BIT_CONVERSION = YES;
				GCC_WARN_ABOUT_RETURN_TYPE = YES_ERROR;
				GCC_WARN_UNDECLARED_SELECTOR = YES;
				GCC_WARN_UNINITIALIZED_AUTOS = YES_AGGRESSIVE;
				GCC_WARN_UNUSED_FUNCTION = YES;
				GCC_WARN_UNUSED_VARIABLE = YES;
				IPHONEOS_DEPLOYMENT_TARGET = 8.3;
				MTL_ENABLE_DEBUG_INFO = YES;
				ONLY_ACTIVE_ARCH = YES;
				SDKROOT = iphoneos;
			};
			name = Debug;
		};
		C34DA4211BC4827C00E9ACB9 /* Release */ = {
			isa = XCBuildConfiguration;
			buildSettings = {
				ALWAYS_SEARCH_USER_PATHS = NO;
				CLANG_CXX_LANGUAGE_STANDARD = "gnu++0x";
				CLANG_CXX_LIBRARY = "libc++";
				CLANG_ENABLE_MODULES = YES;
				CLANG_ENABLE_OBJC_ARC = YES;
				CLANG_WARN_BOOL_CONVERSION = YES;
				CLANG_WARN_CONSTANT_CONVERSION = YES;
				CLANG_WARN_DIRECT_OBJC_ISA_USAGE = YES_ERROR;
				CLANG_WARN_EMPTY_BODY = YES;
				CLANG_WARN_ENUM_CONVERSION = YES;
				CLANG_WARN_INT_CONVERSION = YES;
				CLANG_WARN_OBJC_ROOT_CLASS = YES_ERROR;
				CLANG_WARN_UNREACHABLE_CODE = YES;
				CLANG_WARN__DUPLICATE_METHOD_MATCH = YES;
				"CODE_SIGN_IDENTITY[sdk=iphoneos*]" = "iPhone Developer";
				COPY_PHASE_STRIP = NO;
				DEBUG_INFORMATION_FORMAT = "dwarf-with-dsym";
				ENABLE_NS_ASSERTIONS = NO;
				ENABLE_STRICT_OBJC_MSGSEND = YES;
				GCC_C_LANGUAGE_STANDARD = gnu99;
				GCC_NO_COMMON_BLOCKS = YES;
				GCC_WARN_64_TO_32_BIT_CONVERSION = YES;
				GCC_WARN_ABOUT_RETURN_TYPE = YES_ERROR;
				GCC_WARN_UNDECLARED_SELECTOR = YES;
				GCC_WARN_UNINITIALIZED_AUTOS = YES_AGGRESSIVE;
				GCC_WARN_UNUSED_FUNCTION = YES;
				GCC_WARN_UNUSED_VARIABLE = YES;
				IPHONEOS_DEPLOYMENT_TARGET = 8.3;
				MTL_ENABLE_DEBUG_INFO = NO;
				SDKROOT = iphoneos;
				VALIDATE_PRODUCT = YES;
			};
			name = Release;
		};
		C34DA4231BC4827C00E9ACB9 /* Debug */ = {
			isa = XCBuildConfiguration;
			buildSettings = {
				ASSETCATALOG_COMPILER_APPICON_NAME = AppIcon;
				INFOPLIST_FILE = Morse/Info.plist;
				LD_RUNPATH_SEARCH_PATHS = "$(inherited) @executable_path/Frameworks";
				PRODUCT_NAME = "$(TARGET_NAME)";
			};
			name = Debug;
		};
		C34DA4241BC4827C00E9ACB9 /* Release */ = {
			isa = XCBuildConfiguration;
			buildSettings = {
				ASSETCATALOG_COMPILER_APPICON_NAME = AppIcon;
				INFOPLIST_FILE = Morse/Info.plist;
				LD_RUNPATH_SEARCH_PATHS = "$(inherited) @executable_path/Frameworks";
				PRODUCT_NAME = "$(TARGET_NAME)";
			};
			name = Release;
		};
		C34DA4261BC4827C00E9ACB9 /* Debug */ = {
			isa = XCBuildConfiguration;
			buildSettings = {
				BUNDLE_LOADER = "$(TEST_HOST)";
				FRAMEWORK_SEARCH_PATHS = (
					"$(SDKROOT)/Developer/Library/Frameworks",
					"$(inherited)",
				);
				GCC_PREPROCESSOR_DEFINITIONS = (
					"DEBUG=1",
					"$(inherited)",
				);
				INFOPLIST_FILE = MorseTests/Info.plist;
				LD_RUNPATH_SEARCH_PATHS = "$(inherited) @executable_path/Frameworks @loader_path/Frameworks";
				PRODUCT_NAME = "$(TARGET_NAME)";
				TEST_HOST = "$(BUILT_PRODUCTS_DIR)/Morse.app/Morse";
			};
			name = Debug;
		};
		C34DA4271BC4827C00E9ACB9 /* Release */ = {
			isa = XCBuildConfiguration;
			buildSettings = {
				BUNDLE_LOADER = "$(TEST_HOST)";
				FRAMEWORK_SEARCH_PATHS = (
					"$(SDKROOT)/Developer/Library/Frameworks",
					"$(inherited)",
				);
				INFOPLIST_FILE = MorseTests/Info.plist;
				LD_RUNPATH_SEARCH_PATHS = "$(inherited) @executable_path/Frameworks @loader_path/Frameworks";
				PRODUCT_NAME = "$(TARGET_NAME)";
				TEST_HOST = "$(BUILT_PRODUCTS_DIR)/Morse.app/Morse";
			};
			name = Release;
		};
/* End XCBuildConfiguration section */

/* Begin XCConfigurationList section */
		C34DA3F71BC4827C00E9ACB9 /* Build configuration list for PBXProject "Morse" */ = {
			isa = XCConfigurationList;
			buildConfigurations = (
				C34DA4201BC4827C00E9ACB9 /* Debug */,
				C34DA4211BC4827C00E9ACB9 /* Release */,
			);
			defaultConfigurationIsVisible = 0;
			defaultConfigurationName = Release;
		};
		C34DA4221BC4827C00E9ACB9 /* Build configuration list for PBXNativeTarget "Morse" */ = {
			isa = XCConfigurationList;
			buildConfigurations = (
				C34DA4231BC4827C00E9ACB9 /* Debug */,
				C34DA4241BC4827C00E9ACB9 /* Release */,
			);
			defaultConfigurationIsVisible = 0;
		};
		C34DA4251BC4827C00E9ACB9 /* Build configuration list for PBXNativeTarget "MorseTests" */ = {
			isa = XCConfigurationList;
			buildConfigurations = (
				C34DA4261BC4827C00E9ACB9 /* Debug */,
				C34DA4271BC4827C00E9ACB9 /* Release */,
			);
			defaultConfigurationIsVisible = 0;
		};
/* End XCConfigurationList section */

/* Begin XCVersionGroup section */
		C34DA4061BC4827C00E9ACB9 /* Morse.xcdatamodeld */ = {
			isa = XCVersionGroup;
			children = (
				C34DA4071BC4827C00E9ACB9 /* Morse.xcdatamodel */,
			);
			currentVersion = C34DA4071BC4827C00E9ACB9 /* Morse.xcdatamodel */;
			path = Morse.xcdatamodeld;
			sourceTree = "<group>";
			versionGroupType = wrapper.xcdatamodel;
		};
/* End XCVersionGroup section */
	};
	rootObject = C34DA3F41BC4827C00E9ACB9 /* Project object */;
}
